
Microsoft Visual Studio Solution File, Format Version 12.00
# Visual Studio Version 17
VisualStudioVersion = 17.8.34525.116
MinimumVisualStudioVersion = 10.0.40219.1
Project("{FAE04EC0-301F-11D3-BF4B-00C04F79EFBC}") = "EFDemo", "EFDemo\EFDemo.csproj", "{C81402CC-FA77-4BA7-B655-117CF8FCABB7}"
EndProject
Project("{FAE04EC0-301F-11D3-BF4B-00C04F79EFBC}") = "AccesoDatos", "AccesoDatos\AccesoDatos.csproj", "{D275694D-22A1-4F53-A822-A2AF58A50BD9}"
EndProject
Global
	GlobalSection(SolutionConfigurationPlatforms) = preSolution
		Debug|Any CPU = Debug|Any CPU
		Release|Any CPU = Release|Any CPU
	EndGlobalSection
	GlobalSection(ProjectConfigurationPlatforms) = postSolution
		{C81402CC-FA77-4BA7-B655-117CF8FCABB7}.Debug|Any CPU.ActiveCfg = Debug|Any CPU
		{C81402CC-FA77-4BA7-B655-117CF8FCABB7}.Debug|Any CPU.Build.0 = Debug|Any CPU
		{C81402CC-FA77-4BA7-B655-117CF8FCABB7}.Release|Any CPU.ActiveCfg = Release|Any CPU
		{C81402CC-FA77-4BA7-B655-117CF8FCABB7}.Release|Any CPU.Build.0 = Release|Any CPU
		{D275694D-22A1-4F53-A822-A2AF58A50BD9}.Debug|Any CPU.ActiveCfg = Debug|Any CPU
		{D275694D-22A1-4F53-A822-A2AF58A50BD9}.Debug|Any CPU.Build.0 = Debug|Any CPU
		{D275694D-22A1-4F53-A822-A2AF58A50BD9}.Release|Any CPU.ActiveCfg = Release|Any CPU
		{D275694D-22A1-4F53-A822-A2AF58A50BD9}.Release|Any CPU.Build.0 = Release|Any CPU
	EndGlobalSection
	GlobalSection(SolutionProperties) = preSolution
		HideSolutionNode = FALSE
	EndGlobalSection
	GlobalSection(ExtensibilityGlobals) = postSolution
		SolutionGuid = {347A160D-ABEA-4DE0-8384-5368A18CB332}
	EndGlobalSection
EndGlobal
